{
  "name": "RBLX-DUEL",
  "lockfileVersion": 3,
  "requires": true,
  "packages": {
    "": {
      "dependencies": {
        "sanitizer": "^0.1.3"
      }
    },
    "node_modules/sanitizer": {
      "version": "0.1.3",
      "resolved": "https://registry.npmjs.org/sanitizer/-/sanitizer-0.1.3.tgz",
      "integrity": "sha512-j05vL56tR90rsYqm9ZD05v6K4HI7t4yMDEvvU0x4f+IADXM9Jx1x9mzatxOs5drJq6dGhugxDW99mcPvXVLl+Q=="
    }
  }
}
