{
  "name": "5.3",
  "lockfileVersion": 3,
  "requires": true,
  "packages": {
    "": {
      "dependencies": {
        "types-registry": "^0.1.684"
      },
      "devDependencies": {
        "@types/array.prototype.flatmap": "^1.2.6",
        "@types/babel__core": "^7.20.5",
        "@types/bcrypt": "^5.0.2",
        "@types/bcryptjs": "^2.4.6",
        "@types/body-parser": "^1.19.5",
        "@types/call-bind": "^1.0.5",
        "@types/compression": "^1.7.5",
        "@types/cookie-parser": "^1.4.7",
        "@types/cors": "^2.8.17",
        "@types/debug": "^4.1.12",
        "@types/define-properties": "^1.1.5",
        "@types/doctrine": "^0.0.9",
        "@types/dompurify": "^3.0.5",
        "@types/eslint": "^8.56.10",
        "@types/eslint-scope": "^3.7.7",
        "@types/estraverse": "^5.1.7",
        "@types/express": "^4.17.21",
        "@types/hcaptcha__react-hcaptcha": "^0.1.8",
        "@types/http-errors": "^2.0.4",
        "@types/istanbul": "^0.4.34",
        "@types/jade": "^0.0.34",
        "@types/js-cookie": "^3.0.6",
        "@types/jsonwebtoken": "^9.0.6",
        "@types/jsx-ast-utils": "^3.3.1",
        "@types/lodash": "^4.17.0",
        "@types/mocha": "^10.0.6",
        "@types/morgan": "^1.9.9",
        "@types/node-cron": "^3.0.11",
        "@types/node-fetch": "^2.6.11",
        "@types/nodemon": "^1.19.6",
        "@types/object.entries": "^1.1.1",
        "@types/object.fromentries": "^2.0.4",
        "@types/prop-types": "^15.7.12",
        "@types/react": "^18.3.1",
        "@types/react-dom": "^18.2.25",
        "@types/recharts": "^1.8.29",
        "@types/resolve": "^1.20.6",
        "@types/sanitizer": "^0.0.31",
        "@types/semver": "^7.5.8",
        "@types/sinon": "^17.0.3",
        "@types/string.prototype.matchall": "^4.0.3",
        "@types/uuid": "^9.0.8",
        "@types/validator": "^13.11.9"
      }
    },
    "node_modules/@babel/helper-string-parser": {
      "version": "7.24.1",
      "resolved": "https://registry.npmjs.org/@babel/helper-string-parser/-/helper-string-parser-7.24.1.tgz",
      "integrity": "sha512-2ofRCjnnA9y+wk8b9IAREroeUP02KHp431N2mhKniy2yKIDKpbrHv9eXwm8cBeWQYcJmzv5qKCu65P47eCF7CQ==",
      "dev": true,
      "engines": {
        "node": ">=6.9.0"
      }
    },
    "node_modules/@babel/helper-validator-identifier": {
      "version": "7.22.20",
      "resolved": "https://registry.npmjs.org/@babel/helper-validator-identifier/-/helper-validator-identifier-7.22.20.tgz",
      "integrity": "sha512-Y4OZ+ytlatR8AI+8KZfKuL5urKp7qey08ha31L8b3BwewJAoJamTzyvxPR/5D+KkdJCGPq/+8TukHBlY10FX9A==",
      "dev": true,
      "engines": {
        "node": ">=6.9.0"
      }
    },
    "node_modules/@babel/parser": {
      "version": "7.24.4",
      "resolved": "https://registry.npmjs.org/@babel/parser/-/parser-7.24.4.tgz",
      "integrity": "sha512-zTvEBcghmeBma9QIGunWevvBAp4/Qu9Bdq+2k0Ot4fVMD6v3dsC9WOcRSKk7tRRyBM/53yKMJko9xOatGQAwSg==",
      "dev": true,
      "bin": {
        "parser": "bin/babel-parser.js"
      },
      "engines": {
        "node": ">=6.0.0"
      }
    },
    "node_modules/@babel/types": {
      "version": "7.24.0",
      "resolved": "https://registry.npmjs.org/@babel/types/-/types-7.24.0.tgz",
      "integrity": "sha512-+j7a5c253RfKh8iABBhywc8NSfP5LURe7Uh4qpsh6jc+aLJguvmIUBdjSdEMQv2bENrCR5MfRdjGo7vzS/ob7w==",
      "dev": true,
      "dependencies": {
        "@babel/helper-string-parser": "^7.23.4",
        "@babel/helper-validator-identifier": "^7.22.20",
        "to-fast-properties": "^2.0.0"
      },
      "engines": {
        "node": ">=6.9.0"
      }
    },
    "node_modules/@types/array.prototype.flatmap": {
      "version": "1.2.6",
      "resolved": "https://registry.npmjs.org/@types/array.prototype.flatmap/-/array.prototype.flatmap-1.2.6.tgz",
      "integrity": "sha512-8TUGokAbodBbgvUC7KrmqHPaFp2QksAc1ZeANlmvcBWMhmYYSL1rH/3iInefh7qaLJJ1cfsh5soMUuNPj2djxA==",
      "dev": true
    },
    "node_modules/@types/babel__core": {
      "version": "7.20.5",
      "resolved": "https://registry.npmjs.org/@types/babel__core/-/babel__core-7.20.5.tgz",
      "integrity": "sha512-qoQprZvz5wQFJwMDqeseRXWv3rqMvhgpbXFfVyWhbx9X47POIA6i/+dXefEmZKoAgOaTdaIgNSMqMIU61yRyzA==",
      "dev": true,
      "dependencies": {
        "@babel/parser": "^7.20.7",
        "@babel/types": "^7.20.7",
        "@types/babel__generator": "*",
        "@types/babel__template": "*",
        "@types/babel__traverse": "*"
      }
    },
    "node_modules/@types/babel__generator": {
      "version": "7.6.8",
      "resolved": "https://registry.npmjs.org/@types/babel__generator/-/babel__generator-7.6.8.tgz",
      "integrity": "sha512-ASsj+tpEDsEiFr1arWrlN6V3mdfjRMZt6LtK/Vp/kreFLnr5QH5+DhvD5nINYZXzwJvXeGq+05iUXcAzVrqWtw==",
      "dev": true,
      "dependencies": {
        "@babel/types": "^7.0.0"
      }
    },
    "node_modules/@types/babel__template": {
      "version": "7.4.4",
      "resolved": "https://registry.npmjs.org/@types/babel__template/-/babel__template-7.4.4.tgz",
      "integrity": "sha512-h/NUaSyG5EyxBIp8YRxo4RMe2/qQgvyowRwVMzhYhBCONbW8PUsg4lkFMrhgZhUe5z3L3MiLDuvyJ/CaPa2A8A==",
      "dev": true,
      "dependencies": {
        "@babel/parser": "^7.1.0",
        "@babel/types": "^7.0.0"
      }
    },
    "node_modules/@types/babel__traverse": {
      "version": "7.20.5",
      "resolved": "https://registry.npmjs.org/@types/babel__traverse/-/babel__traverse-7.20.5.tgz",
      "integrity": "sha512-WXCyOcRtH37HAUkpXhUduaxdm82b4GSlyTqajXviN4EfiuPgNYR109xMCKvpl6zPIpua0DGlMEDCq+g8EdoheQ==",
      "dev": true,
      "dependencies": {
        "@babel/types": "^7.20.7"
      }
    },
    "node_modules/@types/bcrypt": {
      "version": "5.0.2",
      "resolved": "https://registry.npmjs.org/@types/bcrypt/-/bcrypt-5.0.2.tgz",
      "integrity": "sha512-6atioO8Y75fNcbmj0G7UjI9lXN2pQ/IGJ2FWT4a/btd0Lk9lQalHLKhkgKVZ3r+spnmWUKfbMi1GEe9wyHQfNQ==",
      "dev": true,
      "dependencies": {
        "@types/node": "*"
      }
    },
    "node_modules/@types/bcryptjs": {
      "version": "2.4.6",
      "resolved": "https://registry.npmjs.org/@types/bcryptjs/-/bcryptjs-2.4.6.tgz",
      "integrity": "sha512-9xlo6R2qDs5uixm0bcIqCeMCE6HiQsIyel9KQySStiyqNl2tnj2mP3DX1Nf56MD6KMenNNlBBsy3LJ7gUEQPXQ==",
      "dev": true
    },
    "node_modules/@types/body-parser": {
      "version": "1.19.5",
      "resolved": "https://registry.npmjs.org/@types/body-parser/-/body-parser-1.19.5.tgz",
      "integrity": "sha512-fB3Zu92ucau0iQ0JMCFQE7b/dv8Ot07NI3KaZIkIUNXq82k4eBAqUaneXfleGY9JWskeS9y+u0nXMyspcuQrCg==",
      "dev": true,
      "dependencies": {
        "@types/connect": "*",
        "@types/node": "*"
      }
    },
    "node_modules/@types/call-bind": {
      "version": "1.0.5",
      "resolved": "https://registry.npmjs.org/@types/call-bind/-/call-bind-1.0.5.tgz",
      "integrity": "sha512-7kCxl5FGXPEu5ov4auOTJiXQy6/heCpRcjbk54WAeKOEAclJTb5z6PDb8Ai85A51bxczAM0PHdes3p3340nM3g==",
      "dev": true,
      "dependencies": {
        "@types/get-intrinsic": "*"
      }
    },
    "node_modules/@types/compression": {
      "version": "1.7.5",
      "resolved": "https://registry.npmjs.org/@types/compression/-/compression-1.7.5.tgz",
      "integrity": "sha512-AAQvK5pxMpaT+nDvhHrsBhLSYG5yQdtkaJE1WYieSNY2mVFKAgmU4ks65rkZD5oqnGCFLyQpUr1CqI4DmUMyDg==",
      "dev": true,
      "dependencies": {
        "@types/express": "*"
      }
    },
    "node_modules/@types/connect": {
      "version": "3.4.38",
      "resolved": "https://registry.npmjs.org/@types/connect/-/connect-3.4.38.tgz",
      "integrity": "sha512-K6uROf1LD88uDQqJCktA4yzL1YYAK6NgfsI0v/mTgyPKWsX1CnJ0XPSDhViejru1GcRkLWb8RlzFYJRqGUbaug==",
      "dev": true,
      "dependencies": {
        "@types/node": "*"
      }
    },
    "node_modules/@types/cookie-parser": {
      "version": "1.4.7",
      "resolved": "https://registry.npmjs.org/@types/cookie-parser/-/cookie-parser-1.4.7.tgz",
      "integrity": "sha512-Fvuyi354Z+uayxzIGCwYTayFKocfV7TuDYZClCdIP9ckhvAu/ixDtCB6qx2TT0FKjPLf1f3P/J1rgf6lPs64mw==",
      "dev": true,
      "dependencies": {
        "@types/express": "*"
      }
    },
    "node_modules/@types/cors": {
      "version": "2.8.17",
      "resolved": "https://registry.npmjs.org/@types/cors/-/cors-2.8.17.tgz",
      "integrity": "sha512-8CGDvrBj1zgo2qE+oS3pOCyYNqCPryMWY2bGfwA0dcfopWGgxs+78df0Rs3rc9THP4JkOhLsAa+15VdpAqkcUA==",
      "dev": true,
      "dependencies": {
        "@types/node": "*"
      }
    },
    "node_modules/@types/d3-path": {
      "version": "1.0.11",
      "resolved": "https://registry.npmjs.org/@types/d3-path/-/d3-path-1.0.11.tgz",
      "integrity": "sha512-4pQMp8ldf7UaB/gR8Fvvy69psNHkTpD/pVw3vmEi8iZAB9EPMBruB1JvHO4BIq9QkUUd2lV1F5YXpMNj7JPBpw==",
      "dev": true
    },
    "node_modules/@types/d3-shape": {
      "version": "1.3.12",
      "resolved": "https://registry.npmjs.org/@types/d3-shape/-/d3-shape-1.3.12.tgz",
      "integrity": "sha512-8oMzcd4+poSLGgV0R1Q1rOlx/xdmozS4Xab7np0eamFFUYq71AU9pOCJEFnkXW2aI/oXdVYJzw6pssbSut7Z9Q==",
      "dev": true,
      "dependencies": {
        "@types/d3-path": "^1"
      }
    },
    "node_modules/@types/debug": {
      "version": "4.1.12",
      "resolved": "https://registry.npmjs.org/@types/debug/-/debug-4.1.12.tgz",
      "integrity": "sha512-vIChWdVG3LG1SMxEvI/AK+FWJthlrqlTu7fbrlywTkkaONwk/UAGaULXRlf8vkzFBLVm0zkMdCquhL5aOjhXPQ==",
      "dev": true,
      "dependencies": {
        "@types/ms": "*"
      }
    },
    "node_modules/@types/define-properties": {
      "version": "1.1.5",
      "resolved": "https://registry.npmjs.org/@types/define-properties/-/define-properties-1.1.5.tgz",
      "integrity": "sha512-HEwUdIP2cA1/a6a/ZcqbLNra3MMMUH7T8qVFWjxWP6rM0VyhJiTfgabjqSxCH/Gw4sr+UbI88SDeme6ooQrcgQ==",
      "dev": true
    },
    "node_modules/@types/doctrine": {
      "version": "0.0.9",
      "resolved": "https://registry.npmjs.org/@types/doctrine/-/doctrine-0.0.9.tgz",
      "integrity": "sha512-eOIHzCUSH7SMfonMG1LsC2f8vxBFtho6NGBznK41R84YzPuvSBzrhEps33IsQiOW9+VL6NQ9DbjQJznk/S4uRA==",
      "dev": true
    },
    "node_modules/@types/dompurify": {
      "version": "3.0.5",
      "resolved": "https://registry.npmjs.org/@types/dompurify/-/dompurify-3.0.5.tgz",
      "integrity": "sha512-1Wg0g3BtQF7sSb27fJQAKck1HECM6zV1EB66j8JH9i3LCjYabJa0FSdiSgsD5K/RbrsR0SiraKacLB+T8ZVYAg==",
      "dev": true,
      "dependencies": {
        "@types/trusted-types": "*"
      }
    },
    "node_modules/@types/eslint": {
      "version": "8.56.10",
      "resolved": "https://registry.npmjs.org/@types/eslint/-/eslint-8.56.10.tgz",
      "integrity": "sha512-Shavhk87gCtY2fhXDctcfS3e6FdxWkCx1iUZ9eEUbh7rTqlZT0/IzOkCOVt0fCjcFuZ9FPYfuezTBImfHCDBGQ==",
      "dev": true,
      "dependencies": {
        "@types/estree": "*",
        "@types/json-schema": "*"
      }
    },
    "node_modules/@types/eslint-scope": {
      "version": "3.7.7",
      "resolved": "https://registry.npmjs.org/@types/eslint-scope/-/eslint-scope-3.7.7.tgz",
      "integrity": "sha512-MzMFlSLBqNF2gcHWO0G1vP/YQyfvrxZ0bF+u7mzUdZ1/xK4A4sru+nraZz5i3iEIk1l1uyicaDVTB4QbbEkAYg==",
      "dev": true,
      "dependencies": {
        "@types/eslint": "*",
        "@types/estree": "*"
      }
    },
    "node_modules/@types/estraverse": {
      "version": "5.1.7",
      "resolved": "https://registry.npmjs.org/@types/estraverse/-/estraverse-5.1.7.tgz",
      "integrity": "sha512-JRVtdKYZz7VkNp7hMC/WKoiZ8DS3byw20ZGoMZ1R8eBrBPIY7iBaDAS1zcrnXQCwK44G4vbXkimeU7R0VLG8UQ==",
      "dev": true,
      "dependencies": {
        "@types/estree": "*"
      }
    },
    "node_modules/@types/estree": {
      "version": "1.0.5",
      "resolved": "https://registry.npmjs.org/@types/estree/-/estree-1.0.5.tgz",
      "integrity": "sha512-/kYRxGDLWzHOB7q+wtSUQlFrtcdUccpfy+X+9iMBpHK8QLLhx2wIPYuS5DYtR9Wa/YlZAbIovy7qVdB1Aq6Lyw==",
      "dev": true
    },
    "node_modules/@types/estree-jsx": {
      "version": "1.0.5",
      "resolved": "https://registry.npmjs.org/@types/estree-jsx/-/estree-jsx-1.0.5.tgz",
      "integrity": "sha512-52CcUVNFyfb1A2ALocQw/Dd1BQFNmSdkuC3BkZ6iqhdMfQz7JWOFRuJFloOzjk+6WijU56m9oKXFAXc7o3Towg==",
      "dev": true,
      "dependencies": {
        "@types/estree": "*"
      }
    },
    "node_modules/@types/express": {
      "version": "4.17.21",
      "resolved": "https://registry.npmjs.org/@types/express/-/express-4.17.21.tgz",
      "integrity": "sha512-ejlPM315qwLpaQlQDTjPdsUFSc6ZsP4AN6AlWnogPjQ7CVi7PYF3YVz+CY3jE2pwYf7E/7HlDAN0rV2GxTG0HQ==",
      "dev": true,
      "dependencies": {
        "@types/body-parser": "*",
        "@types/express-serve-static-core": "^4.17.33",
        "@types/qs": "*",
        "@types/serve-static": "*"
      }
    },
    "node_modules/@types/express-serve-static-core": {
      "version": "4.19.0",
      "resolved": "https://registry.npmjs.org/@types/express-serve-static-core/-/express-serve-static-core-4.19.0.tgz",
      "integrity": "sha512-bGyep3JqPCRry1wq+O5n7oiBgGWmeIJXPjXXCo8EK0u8duZGSYar7cGqd3ML2JUsLGeB7fmc06KYo9fLGWqPvQ==",
      "dev": true,
      "dependencies": {
        "@types/node": "*",
        "@types/qs": "*",
        "@types/range-parser": "*",
        "@types/send": "*"
      }
    },
    "node_modules/@types/get-intrinsic": {
      "version": "1.2.2",
      "resolved": "https://registry.npmjs.org/@types/get-intrinsic/-/get-intrinsic-1.2.2.tgz",
      "integrity": "sha512-sZ6hqBS4pF6cClLCBNbZBthM6zib0+YJINHTaEqZEZyGPKGjjMPaYVKr1Eh3RoNBTtAJGg6yPN5+yyBRdbA8Ng==",
      "dev": true
    },
    "node_modules/@types/hcaptcha__react-hcaptcha": {
      "version": "0.1.8",
      "resolved": "https://registry.npmjs.org/@types/hcaptcha__react-hcaptcha/-/hcaptcha__react-hcaptcha-0.1.8.tgz",
      "integrity": "sha512-T87x1R330uPG0u4C+088PVYXYbTH0tml1AgT7ETyr/vHwLLfEwq6vsT7eOaiPouXi18Y1t1nIY5CvweQn+S53g==",
      "dev": true,
      "dependencies": {
        "@types/react": "*"
      }
    },
    "node_modules/@types/http-errors": {
      "version": "2.0.4",
      "resolved": "https://registry.npmjs.org/@types/http-errors/-/http-errors-2.0.4.tgz",
      "integrity": "sha512-D0CFMMtydbJAegzOyHjtiKPLlvnm3iTZyZRSZoLq2mRhDdmLfIWOCYPfQJ4cu2erKghU++QvjcUjp/5h7hESpA==",
      "dev": true
    },
    "node_modules/@types/istanbul": {
      "version": "0.4.34",
      "resolved": "https://registry.npmjs.org/@types/istanbul/-/istanbul-0.4.34.tgz",
      "integrity": "sha512-HwdlvCURCktjIuTMTuGDXutAomcYK3s+LT5I7iKHEPhylQ7AC6FvhrF0z6nvC3QfyF/RmZX2xuNgQvsCpxpybw==",
      "dev": true
    },
    "node_modules/@types/jade": {
      "version": "0.0.34",
      "resolved": "https://registry.npmjs.org/@types/jade/-/jade-0.0.34.tgz",
      "integrity": "sha512-IdwWduIy0bvBXa6g0+EZgAEHgO/u0pAE2aWEvkySL0MuxrZ84eZyQL3C9NtXR0ZInLplpv8cujNaKc+NXXc25A==",
      "dev": true
    },
    "node_modules/@types/js-cookie": {
      "version": "3.0.6",
      "resolved": "https://registry.npmjs.org/@types/js-cookie/-/js-cookie-3.0.6.tgz",
      "integrity": "sha512-wkw9yd1kEXOPnvEeEV1Go1MmxtBJL0RR79aOTAApecWFVu7w0NNXNqhcWgvw2YgZDYadliXkl14pa3WXw5jlCQ==",
      "dev": true
    },
    "node_modules/@types/json-schema": {
      "version": "7.0.15",
      "resolved": "https://registry.npmjs.org/@types/json-schema/-/json-schema-7.0.15.tgz",
      "integrity": "sha512-5+fP8P8MFNC+AyZCDxrB2pkZFPGzqQWUzpSeuuVLvm8VMcorNYavBqoFcxK8bQz4Qsbn4oUEEem4wDLfcysGHA==",
      "dev": true
    },
    "node_modules/@types/jsonwebtoken": {
      "version": "9.0.6",
      "resolved": "https://registry.npmjs.org/@types/jsonwebtoken/-/jsonwebtoken-9.0.6.tgz",
      "integrity": "sha512-/5hndP5dCjloafCXns6SZyESp3Ldq7YjH3zwzwczYnjxIT0Fqzk5ROSYVGfFyczIue7IUEj8hkvLbPoLQ18vQw==",
      "dev": true,
      "dependencies": {
        "@types/node": "*"
      }
    },
    "node_modules/@types/jsx-ast-utils": {
      "version": "3.3.1",
      "resolved": "https://registry.npmjs.org/@types/jsx-ast-utils/-/jsx-ast-utils-3.3.1.tgz",
      "integrity": "sha512-au6/M8boVMhGJfZXghOLRBD4iKGxYJHF6fwFnVpUR6l1Pm51B6DG80ckwubjdankpVhIXJ1jgdGiQ0r717wIkg==",
      "dev": true,
      "dependencies": {
        "@types/estree": "*",
        "@types/estree-jsx": "*"
      }
    },
    "node_modules/@types/lodash": {
      "version": "4.17.0",
      "resolved": "https://registry.npmjs.org/@types/lodash/-/lodash-4.17.0.tgz",
      "integrity": "sha512-t7dhREVv6dbNj0q17X12j7yDG4bD/DHYX7o5/DbDxobP0HnGPgpRz2Ej77aL7TZT3DSw13fqUTj8J4mMnqa7WA==",
      "dev": true
    },
    "node_modules/@types/mime": {
      "version": "1.3.5",
      "resolved": "https://registry.npmjs.org/@types/mime/-/mime-1.3.5.tgz",
      "integrity": "sha512-/pyBZWSLD2n0dcHE3hq8s8ZvcETHtEuF+3E7XVt0Ig2nvsVQXdghHVcEkIWjy9A0wKfTn97a/PSDYohKIlnP/w==",
      "dev": true
    },
    "node_modules/@types/mocha": {
      "version": "10.0.6",
      "resolved": "https://registry.npmjs.org/@types/mocha/-/mocha-10.0.6.tgz",
      "integrity": "sha512-dJvrYWxP/UcXm36Qn36fxhUKu8A/xMRXVT2cliFF1Z7UA9liG5Psj3ezNSZw+5puH2czDXRLcXQxf8JbJt0ejg==",
      "dev": true
    },
    "node_modules/@types/morgan": {
      "version": "1.9.9",
      "resolved": "https://registry.npmjs.org/@types/morgan/-/morgan-1.9.9.tgz",
      "integrity": "sha512-iRYSDKVaC6FkGSpEVVIvrRGw0DfJMiQzIn3qr2G5B3C//AWkulhXgaBd7tS9/J79GWSYMTHGs7PfI5b3Y8m+RQ==",
      "dev": true,
      "dependencies": {
        "@types/node": "*"
      }
    },
    "node_modules/@types/ms": {
      "version": "0.7.34",
      "resolved": "https://registry.npmjs.org/@types/ms/-/ms-0.7.34.tgz",
      "integrity": "sha512-nG96G3Wp6acyAgJqGasjODb+acrI7KltPiRxzHPXnP3NgI28bpQDRv53olbqGXbfcgF5aiiHmO3xpwEpS5Ld9g==",
      "dev": true
    },
    "node_modules/@types/node": {
      "version": "20.10.4",
      "resolved": "https://registry.npmjs.org/@types/node/-/node-20.10.4.tgz",
      "integrity": "sha512-D08YG6rr8X90YB56tSIuBaddy/UXAA9RKJoFvrsnogAum/0pmjkgi4+2nx96A330FmioegBWmEYQ+syqCFaveg==",
      "dev": true,
      "dependencies": {
        "undici-types": "~5.26.4"
      }
    },
    "node_modules/@types/node-cron": {
      "version": "3.0.11",
      "resolved": "https://registry.npmjs.org/@types/node-cron/-/node-cron-3.0.11.tgz",
      "integrity": "sha512-0ikrnug3/IyneSHqCBeslAhlK2aBfYek1fGo4bP4QnZPmiqSGRK+Oy7ZMisLWkesffJvQ1cqAcBnJC+8+nxIAg==",
      "dev": true
    },
    "node_modules/@types/node-fetch": {
      "version": "2.6.11",
      "resolved": "https://registry.npmjs.org/@types/node-fetch/-/node-fetch-2.6.11.tgz",
      "integrity": "sha512-24xFj9R5+rfQJLRyM56qh+wnVSYhyXC2tkoBndtY0U+vubqNsYXGjufB2nn8Q6gt0LrARwL6UBtMCSVCwl4B1g==",
      "dev": true,
      "dependencies": {
        "@types/node": "*",
        "form-data": "^4.0.0"
      }
    },
    "node_modules/@types/nodemon": {
      "version": "1.19.6",
      "resolved": "https://registry.npmjs.org/@types/nodemon/-/nodemon-1.19.6.tgz",
      "integrity": "sha512-vjKuaQOLUA5EY2zkUmWG1ipXbKt9Wd+H/0SiIuHVeH4cHtt6509iRUGH9ZR0iqgUrtj3BrP9KqoTuV3ZCbQcYA==",
      "dev": true,
      "dependencies": {
        "@types/node": "*"
      }
    },
    "node_modules/@types/object.entries": {
      "version": "1.1.1",
      "resolved": "https://registry.npmjs.org/@types/object.entries/-/object.entries-1.1.1.tgz",
      "integrity": "sha512-1ZyYEcDDQImfmZDieUBUUqD7/dgUCgEdrethnO1j9Rdl65Huw8BoOpkyw2zdGCEFQewshiE//nzPp2Gd+QARqw==",
      "dev": true
    },
    "node_modules/@types/object.fromentries": {
      "version": "2.0.4",
      "resolved": "https://registry.npmjs.org/@types/object.fromentries/-/object.fromentries-2.0.4.tgz",
      "integrity": "sha512-DWMXJpuTqjYLDIqEJN1FiTUvRcOjnTceeJCmJcz9CyrzN26kjT+2WE9jIzGPdCHxTXk+DTY7ihPPtpUBwfBbQw==",
      "dev": true
    },
    "node_modules/@types/prop-types": {
      "version": "15.7.12",
      "resolved": "https://registry.npmjs.org/@types/prop-types/-/prop-types-15.7.12.tgz",
      "integrity": "sha512-5zvhXYtRNRluoE/jAp4GVsSduVUzNWKkOZrCDBWYtE7biZywwdC2AcEzg+cSMLFRfVgeAFqpfNabiPjxFddV1Q==",
      "dev": true
    },
    "node_modules/@types/qs": {
      "version": "6.9.15",
      "resolved": "https://registry.npmjs.org/@types/qs/-/qs-6.9.15.tgz",
      "integrity": "sha512-uXHQKES6DQKKCLh441Xv/dwxOq1TVS3JPUMlEqoEglvlhR6Mxnlew/Xq/LRVHpLyk7iK3zODe1qYHIMltO7XGg==",
      "dev": true
    },
    "node_modules/@types/range-parser": {
      "version": "1.2.7",
      "resolved": "https://registry.npmjs.org/@types/range-parser/-/range-parser-1.2.7.tgz",
      "integrity": "sha512-hKormJbkJqzQGhziax5PItDUTMAM9uE2XXQmM37dyd4hVM+5aVl7oVxMVUiVQn2oCQFN/LKCZdvSM0pFRqbSmQ==",
      "dev": true
    },
    "node_modules/@types/react": {
      "version": "18.3.1",
      "resolved": "https://registry.npmjs.org/@types/react/-/react-18.3.1.tgz",
      "integrity": "sha512-V0kuGBX3+prX+DQ/7r2qsv1NsdfnCLnTgnRJ1pYnxykBhGMz+qj+box5lq7XsO5mtZsBqpjwwTu/7wszPfMBcw==",
      "dev": true,
      "dependencies": {
        "@types/prop-types": "*",
        "csstype": "^3.0.2"
      }
    },
    "node_modules/@types/react-dom": {
      "version": "18.2.25",
      "resolved": "https://registry.npmjs.org/@types/react-dom/-/react-dom-18.2.25.tgz",
      "integrity": "sha512-o/V48vf4MQh7juIKZU2QGDfli6p1+OOi5oXx36Hffpc9adsHeXjVp8rHuPkjd8VT8sOJ2Zp05HR7CdpGTIUFUA==",
      "dev": true,
      "dependencies": {
        "@types/react": "*"
      }
    },
    "node_modules/@types/recharts": {
      "version": "1.8.29",
      "resolved": "https://registry.npmjs.org/@types/recharts/-/recharts-1.8.29.tgz",
      "integrity": "sha512-ulKklaVsnFIIhTQsQw226TnOibrddW1qUQNFVhoQEyY1Z7FRQrNecFCGt7msRuJseudzE9czVawZb17dK/aPXw==",
      "dev": true,
      "dependencies": {
        "@types/d3-shape": "^1",
        "@types/react": "*"
      }
    },
    "node_modules/@types/resolve": {
      "version": "1.20.6",
      "resolved": "https://registry.npmjs.org/@types/resolve/-/resolve-1.20.6.tgz",
      "integrity": "sha512-A4STmOXPhMUtHH+S6ymgE2GiBSMqf4oTvcQZMcHzokuTLVYzXTB8ttjcgxOVaAp2lGwEdzZ0J+cRbbeevQj1UQ==",
      "dev": true
    },
    "node_modules/@types/sanitizer": {
      "version": "0.0.31",
      "resolved": "https://registry.npmjs.org/@types/sanitizer/-/sanitizer-0.0.31.tgz",
      "integrity": "sha512-XdwIjdfExTXDouNnYzhCSlEBLpZeGZRpuceqjFKQiK/Zt6fgZMaWjsJFOMp9f1uz4pHElkXvfDbiT6Rv5sqGSA==",
      "dev": true
    },
    "node_modules/@types/semver": {
      "version": "7.5.8",
      "resolved": "https://registry.npmjs.org/@types/semver/-/semver-7.5.8.tgz",
      "integrity": "sha512-I8EUhyrgfLrcTkzV3TSsGyl1tSuPrEDzr0yd5m90UgNxQkyDXULk3b6MlQqTCpZpNtWe1K0hzclnZkTcLBe2UQ==",
      "dev": true
    },
    "node_modules/@types/send": {
      "version": "0.17.4",
      "resolved": "https://registry.npmjs.org/@types/send/-/send-0.17.4.tgz",
      "integrity": "sha512-x2EM6TJOybec7c52BX0ZspPodMsQUd5L6PRwOunVyVUhXiBSKf3AezDL8Dgvgt5o0UfKNfuA0eMLr2wLT4AiBA==",
      "dev": true,
      "dependencies": {
        "@types/mime": "^1",
        "@types/node": "*"
      }
    },
    "node_modules/@types/serve-static": {
      "version": "1.15.7",
      "resolved": "https://registry.npmjs.org/@types/serve-static/-/serve-static-1.15.7.tgz",
      "integrity": "sha512-W8Ym+h8nhuRwaKPaDw34QUkwsGi6Rc4yYqvKFo5rm2FUEhCFbzVWrxXUxuKK8TASjWsysJY0nsmNCGhCOIsrOw==",
      "dev": true,
      "dependencies": {
        "@types/http-errors": "*",
        "@types/node": "*",
        "@types/send": "*"
      }
    },
    "node_modules/@types/sinon": {
      "version": "17.0.3",
      "resolved": "https://registry.npmjs.org/@types/sinon/-/sinon-17.0.3.tgz",
      "integrity": "sha512-j3uovdn8ewky9kRBG19bOwaZbexJu/XjtkHyjvUgt4xfPFz18dcORIMqnYh66Fx3Powhcr85NT5+er3+oViapw==",
      "dev": true,
      "dependencies": {
        "@types/sinonjs__fake-timers": "*"
      }
    },
    "node_modules/@types/sinonjs__fake-timers": {
      "version": "8.1.5",
      "resolved": "https://registry.npmjs.org/@types/sinonjs__fake-timers/-/sinonjs__fake-timers-8.1.5.tgz",
      "integrity": "sha512-mQkU2jY8jJEF7YHjHvsQO8+3ughTL1mcnn96igfhONmR+fUPSKIkefQYpSe8bsly2Ep7oQbn/6VG5/9/0qcArQ==",
      "dev": true
    },
    "node_modules/@types/string.prototype.matchall": {
      "version": "4.0.3",
      "resolved": "https://registry.npmjs.org/@types/string.prototype.matchall/-/string.prototype.matchall-4.0.3.tgz",
      "integrity": "sha512-N7UZ2wK2QY7llJhkG8OsiSW1DgNJ2nkMGamrxHX2nD6V9BvtlKJ2jLxlb4KpzNGDceYLdYKTLRlrbQ359ZsM6g==",
      "dev": true
    },
    "node_modules/@types/trusted-types": {
      "version": "2.0.7",
      "resolved": "https://registry.npmjs.org/@types/trusted-types/-/trusted-types-2.0.7.tgz",
      "integrity": "sha512-ScaPdn1dQczgbl0QFTeTOmVHFULt394XJgOQNoyVhZ6r2vLnMLJfBPd53SB52T/3G36VI1/g2MZaX0cwDuXsfw==",
      "dev": true
    },
    "node_modules/@types/uuid": {
      "version": "9.0.8",
      "resolved": "https://registry.npmjs.org/@types/uuid/-/uuid-9.0.8.tgz",
      "integrity": "sha512-jg+97EGIcY9AGHJJRaaPVgetKDsrTgbRjQ5Msgjh/DQKEFl0DtyRr/VCOyD1T2R1MNeWPK/u7JoGhlDZnKBAfA==",
      "dev": true
    },
    "node_modules/@types/validator": {
      "version": "13.11.9",
      "resolved": "https://registry.npmjs.org/@types/validator/-/validator-13.11.9.tgz",
      "integrity": "sha512-FCTsikRozryfayPuiI46QzH3fnrOoctTjvOYZkho9BTFLCOZ2rgZJHMOVgCOfttjPJcgOx52EpkY0CMfy87MIw==",
      "dev": true
    },
    "node_modules/asynckit": {
      "version": "0.4.0",
      "resolved": "https://registry.npmjs.org/asynckit/-/asynckit-0.4.0.tgz",
      "integrity": "sha512-Oei9OH4tRh0YqU3GxhX79dM/mwVgvbZJaSNaRk+bshkj0S5cfHcgYakreBjrHwatXKbz+IoIdYLxrKim2MjW0Q==",
      "dev": true
    },
    "node_modules/combined-stream": {
      "version": "1.0.8",
      "resolved": "https://registry.npmjs.org/combined-stream/-/combined-stream-1.0.8.tgz",
      "integrity": "sha512-FQN4MRfuJeHf7cBbBMJFXhKSDq+2kAArBlmRBvcvFE5BB1HZKXtSFASDhdlz9zOYwxh8lDdnvmMOe/+5cdoEdg==",
      "dev": true,
      "dependencies": {
        "delayed-stream": "~1.0.0"
      },
      "engines": {
        "node": ">= 0.8"
      }
    },
    "node_modules/csstype": {
      "version": "3.1.3",
      "resolved": "https://registry.npmjs.org/csstype/-/csstype-3.1.3.tgz",
      "integrity": "sha512-M1uQkMl8rQK/szD0LNhtqxIPLpimGm8sOBwU7lLnCpSbTyY3yeU1Vc7l4KT5zT4s/yOxHH5O7tIuuLOCnLADRw==",
      "dev": true
    },
    "node_modules/delayed-stream": {
      "version": "1.0.0",
      "resolved": "https://registry.npmjs.org/delayed-stream/-/delayed-stream-1.0.0.tgz",
      "integrity": "sha512-ZySD7Nf91aLB0RxL4KGrKHBXl7Eds1DAmEdcoVawXnLD7SDhpNgtuII2aAkg7a7QS41jxPSZ17p4VdGnMHk3MQ==",
      "dev": true,
      "engines": {
        "node": ">=0.4.0"
      }
    },
    "node_modules/form-data": {
      "version": "4.0.0",
      "resolved": "https://registry.npmjs.org/form-data/-/form-data-4.0.0.tgz",
      "integrity": "sha512-ETEklSGi5t0QMZuiXoA/Q6vcnxcLQP5vdugSpuAyi6SVGi2clPPp+xgEhuMaHC+zGgn31Kd235W35f7Hykkaww==",
      "dev": true,
      "dependencies": {
        "asynckit": "^0.4.0",
        "combined-stream": "^1.0.8",
        "mime-types": "^2.1.12"
      },
      "engines": {
        "node": ">= 6"
      }
    },
    "node_modules/mime-db": {
      "version": "1.52.0",
      "resolved": "https://registry.npmjs.org/mime-db/-/mime-db-1.52.0.tgz",
      "integrity": "sha512-sPU4uV7dYlvtWJxwwxHD0PuihVNiE7TyAbQ5SWxDCB9mUYvOgroQOwYQQOKPJ8CIbE+1ETVlOoK1UC2nU3gYvg==",
      "dev": true,
      "engines": {
        "node": ">= 0.6"
      }
    },
    "node_modules/mime-types": {
      "version": "2.1.35",
      "resolved": "https://registry.npmjs.org/mime-types/-/mime-types-2.1.35.tgz",
      "integrity": "sha512-ZDY+bPm5zTTF+YpCrAU9nK0UgICYPT0QtT1NZWFv4s++TNkcgVaT0g6+4R2uI4MjQjzysHB1zxuWL50hzaeXiw==",
      "dev": true,
      "dependencies": {
        "mime-db": "1.52.0"
      },
      "engines": {
        "node": ">= 0.6"
      }
    },
    "node_modules/to-fast-properties": {
      "version": "2.0.0",
      "resolved": "https://registry.npmjs.org/to-fast-properties/-/to-fast-properties-2.0.0.tgz",
      "integrity": "sha512-/OaKK0xYrs3DmxRYqL/yDc+FxFUVYhDlXMhRmv3z915w2HF1tnN1omB354j8VUGO/hbRzyD6Y3sA7v7GS/ceog==",
      "dev": true,
      "engines": {
        "node": ">=4"
      }
    },
    "node_modules/types-registry": {
      "version": "0.1.684",
      "resolved": "https://registry.npmjs.org/types-registry/-/types-registry-0.1.684.tgz",
      "integrity": "sha512-B6v+g9M+7IJSc1w2THOmTuRKvd/ACxZTGXM18E8MzpHWx1mGUvGGT+RXsSnxNpyqtbjWLeXj8uyyu/MxVOS3xw=="
    },
    "node_modules/undici-types": {
      "version": "5.26.5",
      "resolved": "https://registry.npmjs.org/undici-types/-/undici-types-5.26.5.tgz",
      "integrity": "sha512-JlCMO+ehdEIKqlFxk6IfVoAUVmgz7cU7zD/h9XZ0qzeosSHmUJVOzSQvvYSYWXkFXC+IfLKSIffhv0sVZup6pA==",
      "dev": true
    }
  }
}
